
Microsoft Visual Studio Solution File, Format Version 12.00
# Visual Studio 15
VisualStudioVersion = 15.0.27703.2026
MinimumVisualStudioVersion = 10.0.40219.1
Project("{9A19103F-16F7-4668-BE54-9A1E7A4F7556}") = "tribatvn", "tribatvn\tribatvn.csproj", "{981C469F-C315-494B-842E-2D3E0459E955}"
EndProject
Project("{9A19103F-16F7-4668-BE54-9A1E7A4F7556}") = "xcore", "xcore\xcore.csproj", "{1424E226-1723-4302-9181-8A2E1A8A4A81}"
EndProject
Project("{9A19103F-16F7-4668-BE54-9A1E7A4F7556}") = "erp", "erp\erp.csproj", "{00F9365A-526A-484E-873C-12B1429BB087}"
EndProject
Project("{FAE04EC0-301F-11D3-BF4B-00C04F79EFBC}") = "x.netframwork.common", "x.netframwork.common\x.netframwork.common.csproj", "{C861FF74-E160-405D-99CB-E38F079BFE14}"
EndProject
Project("{FAE04EC0-301F-11D3-BF4B-00C04F79EFBC}") = "xbirthday", "xbirthday\xbirthday.csproj", "{0CB5BBE3-A16F-4364-AB92-DD8D1CC3A698}"
EndProject
Project("{FAE04EC0-301F-11D3-BF4B-00C04F79EFBC}") = "xtimenm", "xtimenm\xtimenm.csproj", "{C50ADB4D-E4EB-4108-8D8C-274AEBE59897}"
EndProject
Project("{FAE04EC0-301F-11D3-BF4B-00C04F79EFBC}") = "xtimevp", "xtimevp\xtimevp.csproj", "{F1B1483C-575D-42F9-ACB2-07B7F5497E67}"
EndProject
Project("{FAE04EC0-301F-11D3-BF4B-00C04F79EFBC}") = "xbhxh", "xbhxh\xbhxh.csproj", "{356B3014-3923-45F0-AAD9-0E6B6708AD64}"
EndProject
Project("{FAE04EC0-301F-11D3-BF4B-00C04F79EFBC}") = "xscheduleemail", "xscheduleemail\xscheduleemail.csproj", "{2CCDBA0D-8CA0-4BB5-A3C8-3B3413AB5F1F}"
EndProject
Project("{FAE04EC0-301F-11D3-BF4B-00C04F79EFBC}") = "xleave", "xleave\xleave.csproj", "{6F465A57-43A9-4482-B846-E9347E6A8C35}"
EndProject
Project("{FAE04EC0-301F-11D3-BF4B-00C04F79EFBC}") = "xschedulemail5", "xschedulemail5\xschedulemail5.csproj", "{78695336-D0AB-4F88-A8C9-202AE63F3747}"
EndProject
Global
	GlobalSection(SolutionConfigurationPlatforms) = preSolution
		Debug|Any CPU = Debug|Any CPU
		Release|Any CPU = Release|Any CPU
	EndGlobalSection
	GlobalSection(ProjectConfigurationPlatforms) = postSolution
		{981C469F-C315-494B-842E-2D3E0459E955}.Debug|Any CPU.ActiveCfg = Debug|Any CPU
		{981C469F-C315-494B-842E-2D3E0459E955}.Debug|Any CPU.Build.0 = Debug|Any CPU
		{981C469F-C315-494B-842E-2D3E0459E955}.Release|Any CPU.ActiveCfg = Release|Any CPU
		{981C469F-C315-494B-842E-2D3E0459E955}.Release|Any CPU.Build.0 = Release|Any CPU
		{1424E226-1723-4302-9181-8A2E1A8A4A81}.Debug|Any CPU.ActiveCfg = Debug|Any CPU
		{1424E226-1723-4302-9181-8A2E1A8A4A81}.Debug|Any CPU.Build.0 = Debug|Any CPU
		{1424E226-1723-4302-9181-8A2E1A8A4A81}.Release|Any CPU.ActiveCfg = Release|Any CPU
		{1424E226-1723-4302-9181-8A2E1A8A4A81}.Release|Any CPU.Build.0 = Release|Any CPU
		{00F9365A-526A-484E-873C-12B1429BB087}.Debug|Any CPU.ActiveCfg = Debug|Any CPU
		{00F9365A-526A-484E-873C-12B1429BB087}.Debug|Any CPU.Build.0 = Debug|Any CPU
		{00F9365A-526A-484E-873C-12B1429BB087}.Release|Any CPU.ActiveCfg = Release|Any CPU
		{00F9365A-526A-484E-873C-12B1429BB087}.Release|Any CPU.Build.0 = Release|Any CPU
		{C861FF74-E160-405D-99CB-E38F079BFE14}.Debug|Any CPU.ActiveCfg = Debug|Any CPU
		{C861FF74-E160-405D-99CB-E38F079BFE14}.Debug|Any CPU.Build.0 = Debug|Any CPU
		{C861FF74-E160-405D-99CB-E38F079BFE14}.Release|Any CPU.ActiveCfg = Release|Any CPU
		{C861FF74-E160-405D-99CB-E38F079BFE14}.Release|Any CPU.Build.0 = Release|Any CPU
		{0CB5BBE3-A16F-4364-AB92-DD8D1CC3A698}.Debug|Any CPU.ActiveCfg = Debug|Any CPU
		{0CB5BBE3-A16F-4364-AB92-DD8D1CC3A698}.Debug|Any CPU.Build.0 = Debug|Any CPU
		{0CB5BBE3-A16F-4364-AB92-DD8D1CC3A698}.Release|Any CPU.ActiveCfg = Release|Any CPU
		{0CB5BBE3-A16F-4364-AB92-DD8D1CC3A698}.Release|Any CPU.Build.0 = Release|Any CPU
		{C50ADB4D-E4EB-4108-8D8C-274AEBE59897}.Debug|Any CPU.ActiveCfg = Debug|Any CPU
		{C50ADB4D-E4EB-4108-8D8C-274AEBE59897}.Debug|Any CPU.Build.0 = Debug|Any CPU
		{C50ADB4D-E4EB-4108-8D8C-274AEBE59897}.Release|Any CPU.ActiveCfg = Release|Any CPU
		{C50ADB4D-E4EB-4108-8D8C-274AEBE59897}.Release|Any CPU.Build.0 = Release|Any CPU
		{F1B1483C-575D-42F9-ACB2-07B7F5497E67}.Debug|Any CPU.ActiveCfg = Debug|Any CPU
		{F1B1483C-575D-42F9-ACB2-07B7F5497E67}.Debug|Any CPU.Build.0 = Debug|Any CPU
		{F1B1483C-575D-42F9-ACB2-07B7F5497E67}.Release|Any CPU.ActiveCfg = Release|Any CPU
		{F1B1483C-575D-42F9-ACB2-07B7F5497E67}.Release|Any CPU.Build.0 = Release|Any CPU
		{356B3014-3923-45F0-AAD9-0E6B6708AD64}.Debug|Any CPU.ActiveCfg = Debug|Any CPU
		{356B3014-3923-45F0-AAD9-0E6B6708AD64}.Debug|Any CPU.Build.0 = Debug|Any CPU
		{356B3014-3923-45F0-AAD9-0E6B6708AD64}.Release|Any CPU.ActiveCfg = Release|Any CPU
		{356B3014-3923-45F0-AAD9-0E6B6708AD64}.Release|Any CPU.Build.0 = Release|Any CPU
		{2CCDBA0D-8CA0-4BB5-A3C8-3B3413AB5F1F}.Debug|Any CPU.ActiveCfg = Debug|Any CPU
		{2CCDBA0D-8CA0-4BB5-A3C8-3B3413AB5F1F}.Debug|Any CPU.Build.0 = Debug|Any CPU
		{2CCDBA0D-8CA0-4BB5-A3C8-3B3413AB5F1F}.Release|Any CPU.ActiveCfg = Release|Any CPU
		{2CCDBA0D-8CA0-4BB5-A3C8-3B3413AB5F1F}.Release|Any CPU.Build.0 = Release|Any CPU
		{6F465A57-43A9-4482-B846-E9347E6A8C35}.Debug|Any CPU.ActiveCfg = Debug|Any CPU
		{6F465A57-43A9-4482-B846-E9347E6A8C35}.Debug|Any CPU.Build.0 = Debug|Any CPU
		{6F465A57-43A9-4482-B846-E9347E6A8C35}.Release|Any CPU.ActiveCfg = Release|Any CPU
		{6F465A57-43A9-4482-B846-E9347E6A8C35}.Release|Any CPU.Build.0 = Release|Any CPU
		{78695336-D0AB-4F88-A8C9-202AE63F3747}.Debug|Any CPU.ActiveCfg = Debug|Any CPU
		{78695336-D0AB-4F88-A8C9-202AE63F3747}.Debug|Any CPU.Build.0 = Debug|Any CPU
		{78695336-D0AB-4F88-A8C9-202AE63F3747}.Release|Any CPU.ActiveCfg = Release|Any CPU
		{78695336-D0AB-4F88-A8C9-202AE63F3747}.Release|Any CPU.Build.0 = Release|Any CPU
	EndGlobalSection
	GlobalSection(SolutionProperties) = preSolution
		HideSolutionNode = FALSE
	EndGlobalSection
	GlobalSection(ExtensibilityGlobals) = postSolution
		SolutionGuid = {E47A91E5-1DB0-43B4-A92E-DF670856CD7D}
	EndGlobalSection
EndGlobal
